PODS:
  - CollieGallery (0.6.1):
    - FontAwesome.swift
    - Kingfisher
  - FontAwesome.swift (1.4.4)
  - Kingfisher (4.10.0)

DEPENDENCIES:
  - CollieGallery (from `../`)

SPEC REPOS:
  https://github.com/cocoapods/specs.git:
    - FontAwesome.swift
    - Kingfisher

EXTERNAL SOURCES:
  CollieGallery:
    :path: "../"

SPEC CHECKSUMS:
  CollieGallery: 6513089c9b30998d26862d5d879d986ba39281c8
  FontAwesome.swift: 17b93524b9f61136a8566344517b8556ed584e87
  Kingfisher: 43c4b802d8b5256cf1f4379e9cd10b329be6d3e2

PODFILE CHECKSUM: 1d4b240e06bb2ea74bbd7fd60f25450899e5cb50

COCOAPODS: 1.5.3
