PODS:
  - CollieGallery (0.6.0):
    - FontAwesome.swift
    - Kingfisher
  - FontAwesome.swift (1.3.2)
  - Kingfisher (4.6.1)

DEPENDENCIES:
  - CollieGallery (from `../`)

EXTERNAL SOURCES:
  CollieGallery:
    :path: ../

SPEC CHECKSUMS:
  CollieGallery: ed84a506732b41197a2eb96d2c42b5fe3012a154
  FontAwesome.swift: b4e4c8ccbbecb12f9b592bc533ff237af3706667
  Kingfisher: 1f9157d9c02b380cbd0b7cc890161195164eb634

PODFILE CHECKSUM: 1d4b240e06bb2ea74bbd7fd60f25450899e5cb50

COCOAPODS: 1.3.1
