PODS:
  - CollieGallery (0.6.6):
    - Kingfisher
  - Kingfisher (5.4.0)

DEPENDENCIES:
  - CollieGallery (from `../`)

SPEC REPOS:
  https://github.com/cocoapods/specs.git:
    - Kingfisher

EXTERNAL SOURCES:
  CollieGallery:
    :path: "../"

SPEC CHECKSUMS:
  CollieGallery: 7d58dfb94597c78df0bba903f158cdae73fda829
  Kingfisher: 9c8f2cc6710334e06f32ba2b45e77707d5e2f0c9

PODFILE CHECKSUM: 3d90a9cc8f6a4045ae8531c972459ec22fbc95b7

COCOAPODS: 1.5.3
